
Microsoft Visual Studio Solution File, Format Version 12.00
# Visual Studio 15
VisualStudioVersion = 15.0.28307.489
MinimumVisualStudioVersion = 10.0.40219.1
Project("{FAE04EC0-301F-11D3-BF4B-00C04F79EFBC}") = "StudentMajorLeague.Web", "StudentMajorLeague.Web\StudentMajorLeague.Web.csproj", "{5464160C-A990-48B5-BCA6-0DCFE2EF1BE8}"
EndProject
Global
	GlobalSection(SolutionConfigurationPlatforms) = preSolution
		Debug|Any CPU = Debug|Any CPU
		Release|Any CPU = Release|Any CPU
	EndGlobalSection
	GlobalSection(ProjectConfigurationPlatforms) = postSolution
		{5464160C-A990-48B5-BCA6-0DCFE2EF1BE8}.Debug|Any CPU.ActiveCfg = Debug|Any CPU
		{5464160C-A990-48B5-BCA6-0DCFE2EF1BE8}.Debug|Any CPU.Build.0 = Debug|Any CPU
		{5464160C-A990-48B5-BCA6-0DCFE2EF1BE8}.Release|Any CPU.ActiveCfg = Release|Any CPU
		{5464160C-A990-48B5-BCA6-0DCFE2EF1BE8}.Release|Any CPU.Build.0 = Release|Any CPU
	EndGlobalSection
	GlobalSection(SolutionProperties) = preSolution
		HideSolutionNode = FALSE
	EndGlobalSection
	GlobalSection(ExtensibilityGlobals) = postSolution
		SolutionGuid = {E467B78C-877B-41BB-ADB4-DC95B62FCF9D}
	EndGlobalSection
EndGlobal
